// !$*UTF8*$!
{
	archiveVersion = 1;
	classes = {
	};
	objectVersion = 50;
	objects = {

/* Begin PBXBuildFile section */
		040E4AB32269054B0045BF27 /* AppDelegate.swift in Sources */ = {isa = PBXBuildFile; fileRef = 040E4AB22269054B0045BF27 /* AppDelegate.swift */; };
		040E4AB52269054B0045BF27 /* ViewController.swift in Sources */ = {isa = PBXBuildFile; fileRef = 040E4AB42269054B0045BF27 /* ViewController.swift */; };
		040E4AB82269054B0045BF27 /* Main.storyboard in Resources */ = {isa = PBXBuildFile; fileRef = 040E4AB62269054B0045BF27 /* Main.storyboard */; };
		040E4ABB2269054B0045BF27 /* pokeAPI.xcdatamodeld in Sources */ = {isa = PBXBuildFile; fileRef = 040E4AB92269054B0045BF27 /* pokeAPI.xcdatamodeld */; };
		040E4ABD2269054E0045BF27 /* Assets.xcassets in Resources */ = {isa = PBXBuildFile; fileRef = 040E4ABC2269054E0045BF27 /* Assets.xcassets */; };
		040E4AC02269054E0045BF27 /* LaunchScreen.storyboard in Resources */ = {isa = PBXBuildFile; fileRef = 040E4ABE2269054E0045BF27 /* LaunchScreen.storyboard */; };
		041232DA226A031E00225069 /* Users+CoreDataClass.swift in Sources */ = {isa = PBXBuildFile; fileRef = 041232D8226A031E00225069 /* Users+CoreDataClass.swift */; };
		041232DB226A031E00225069 /* Users+CoreDataProperties.swift in Sources */ = {isa = PBXBuildFile; fileRef = 041232D9226A031E00225069 /* Users+CoreDataProperties.swift */; };
		0458069C226A09C9003B6887 /* PokemonExample.json in Resources */ = {isa = PBXBuildFile; fileRef = 0458069B226A09C9003B6887 /* PokemonExample.json */; };
		04FB505D2269478000E44358 /* structsForPokemon.swift in Sources */ = {isa = PBXBuildFile; fileRef = 04FB505C2269478000E44358 /* structsForPokemon.swift */; };
/* End PBXBuildFile section */

/* Begin PBXFileReference section */
		040E4AAF2269054B0045BF27 /* pokeAPI.app */ = {isa = PBXFileReference; explicitFileType = wrapper.application; includeInIndex = 0; path = pokeAPI.app; sourceTree = BUILT_PRODUCTS_DIR; };
		040E4AB22269054B0045BF27 /* AppDelegate.swift */ = {isa = PBXFileReference; lastKnownFileType = sourcecode.swift; path = AppDelegate.swift; sourceTree = "<group>"; };
		040E4AB42269054B0045BF27 /* ViewController.swift */ = {isa = PBXFileReference; lastKnownFileType = sourcecode.swift; path = ViewController.swift; sourceTree = "<group>"; };
		040E4AB72269054B0045BF27 /* Base */ = {isa = PBXFileReference; lastKnownFileType = file.storyboard; name = Base; path = Base.lproj/Main.storyboard; sourceTree = "<group>"; };
		040E4ABA2269054B0045BF27 /* pokeAPI.xcdatamodel */ = {isa = PBXFileReference; lastKnownFileType = wrapper.xcdatamodel; path = pokeAPI.xcdatamodel; sourceTree = "<group>"; };
		040E4ABC2269054E0045BF27 /* Assets.xcassets */ = {isa = PBXFileReference; lastKnownFileType = folder.assetcatalog; path = Assets.xcassets; sourceTree = "<group>"; };
		040E4ABF2269054E0045BF27 /* Base */ = {isa = PBXFileReference; lastKnownFileType = file.storyboard; name = Base; path = Base.lproj/LaunchScreen.storyboard; sourceTree = "<group>"; };
		040E4AC12269054E0045BF27 /* Info.plist */ = {isa = PBXFileReference; lastKnownFileType = text.plist.xml; path = Info.plist; sourceTree = "<group>"; };
		041232D8226A031E00225069 /* Users+CoreDataClass.swift */ = {isa = PBXFileReference; lastKnownFileType = sourcecode.swift; path = "Users+CoreDataClass.swift"; sourceTree = "<group>"; };
		041232D9226A031E00225069 /* Users+CoreDataProperties.swift */ = {isa = PBXFileReference; lastKnownFileType = sourcecode.swift; path = "Users+CoreDataProperties.swift"; sourceTree = "<group>"; };
		0458069B226A09C9003B6887 /* PokemonExample.json */ = {isa = PBXFileReference; fileEncoding = 4; lastKnownFileType = text.json; path = PokemonExample.json; sourceTree = "<group>"; };
		04FB505C2269478000E44358 /* structsForPokemon.swift */ = {isa = PBXFileReference; lastKnownFileType = sourcecode.swift; path = structsForPokemon.swift; sourceTree = "<group>"; };
/* End PBXFileReference section */

/* Begin PBXFrameworksBuildPhase section */
		040E4AAC2269054B0045BF27 /* Frameworks */ = {
			isa = PBXFrameworksBuildPhase;
			buildActionMask = 2147483647;
			files = (
			);
			runOnlyForDeploymentPostprocessing = 0;
		};
/* End PBXFrameworksBuildPhase section */

/* Begin PBXGroup section */
		040E4AA62269054B0045BF27 = {
			isa = PBXGroup;
			children = (
				040E4AB12269054B0045BF27 /* pokeAPI */,
				040E4AB02269054B0045BF27 /* Products */,
			);
			sourceTree = "<group>";
		};
		040E4AB02269054B0045BF27 /* Products */ = {
			isa = PBXGroup;
			children = (
				040E4AAF2269054B0045BF27 /* pokeAPI.app */,
			);
			name = Products;
			sourceTree = "<group>";
		};
		040E4AB12269054B0045BF27 /* pokeAPI */ = {
			isa = PBXGroup;
			children = (
				040E4AB22269054B0045BF27 /* AppDelegate.swift */,
				040E4AB42269054B0045BF27 /* ViewController.swift */,
				041232D8226A031E00225069 /* Users+CoreDataClass.swift */,
				041232D9226A031E00225069 /* Users+CoreDataProperties.swift */,
				04FB505C2269478000E44358 /* structsForPokemon.swift */,
				040E4AB62269054B0045BF27 /* Main.storyboard */,
				040E4ABC2269054E0045BF27 /* Assets.xcassets */,
				040E4ABE2269054E0045BF27 /* LaunchScreen.storyboard */,
				0458069B226A09C9003B6887 /* PokemonExample.json */,
				040E4AC12269054E0045BF27 /* Info.plist */,
				040E4AB92269054B0045BF27 /* pokeAPI.xcdatamodeld */,
			);
			path = pokeAPI;
			sourceTree = "<group>";
		};
/* End PBXGroup section */

/* Begin PBXNativeTarget section */
		040E4AAE2269054B0045BF27 /* pokeAPI */ = {
			isa = PBXNativeTarget;
			buildConfigurationList = 040E4AC42269054E0045BF27 /* Build configuration list for PBXNativeTarget "pokeAPI" */;
			buildPhases = (
				040E4AAB2269054B0045BF27 /* Sources */,
				040E4AAC2269054B0045BF27 /* Frameworks */,
				040E4AAD2269054B0045BF27 /* Resources */,
			);
			buildRules = (
			);
			dependencies = (
			);
			name = pokeAPI;
			productName = pokeAPI;
			productReference = 040E4AAF2269054B0045BF27 /* pokeAPI.app */;
			productType = "com.apple.product-type.application";
		};
/* End PBXNativeTarget section */

/* Begin PBXProject section */
		040E4AA72269054B0045BF27 /* Project object */ = {
			isa = PBXProject;
			attributes = {
				LastSwiftUpdateCheck = 1020;
				LastUpgradeCheck = 1020;
				ORGANIZATIONNAME = MCS;
				TargetAttributes = {
					040E4AAE2269054B0045BF27 = {
						CreatedOnToolsVersion = 10.2.1;
					};
				};
			};
			buildConfigurationList = 040E4AAA2269054B0045BF27 /* Build configuration list for PBXProject "pokeAPI" */;
			compatibilityVersion = "Xcode 9.3";
			developmentRegion = en;
			hasScannedForEncodings = 0;
			knownRegions = (
				en,
				Base,
			);
			mainGroup = 040E4AA62269054B0045BF27;
			productRefGroup = 040E4AB02269054B0045BF27 /* Products */;
			projectDirPath = "";
			projectRoot = "";
			targets = (
				040E4AAE2269054B0045BF27 /* pokeAPI */,
			);
		};
/* End PBXProject section */

/* Begin PBXResourcesBuildPhase section */
		040E4AAD2269054B0045BF27 /* Resources */ = {
			isa = PBXResourcesBuildPhase;
			buildActionMask = 2147483647;
			files = (
				0458069C226A09C9003B6887 /* PokemonExample.json in Resources */,
				040E4AC02269054E0045BF27 /* LaunchScreen.storyboard in Resources */,
				040E4ABD2269054E0045BF27 /* Assets.xcassets in Resources */,
				040E4AB82269054B0045BF27 /* Main.storyboard in Resources */,
			);
			runOnlyForDeploymentPostprocessing = 0;
		};
/* End PBXResourcesBuildPhase section */

/* Begin PBXSourcesBuildPhase section */
		040E4AAB2269054B0045BF27 /* Sources */ = {
			isa = PBXSourcesBuildPhase;
			buildActionMask = 2147483647;
			files = (
				040E4AB52269054B0045BF27 /* ViewController.swift in Sources */,
				040E4ABB2269054B0045BF27 /* pokeAPI.xcdatamodeld in Sources */,
				04FB505D2269478000E44358 /* structsForPokemon.swift in Sources */,
				041232DA226A031E00225069 /* Users+CoreDataClass.swift in Sources */,
				041232DB226A031E00225069 /* Users+CoreDataProperties.swift in Sources */,
				040E4AB32269054B0045BF27 /* AppDelegate.swift in Sources */,
			);
			runOnlyForDeploymentPostprocessing = 0;
		};
/* End PBXSourcesBuildPhase section */

/* Begin PBXVariantGroup section */
		040E4AB62269054B0045BF27 /* Main.storyboard */ = {
			isa = PBXVariantGroup;
			children = (
				040E4AB72269054B0045BF27 /* Base */,
			);
			name = Main.storyboard;
			sourceTree = "<group>";
		};
		040E4ABE2269054E0045BF27 /* LaunchScreen.storyboard */ = {
			isa = PBXVariantGroup;
			children = (
				040E4ABF2269054E0045BF27 /* Base */,
			);
			name = LaunchScreen.storyboard;
			sourceTree = "<group>";
		};
/* End PBXVariantGroup section */

/* Begin XCBuildConfiguration section */
		040E4AC22269054E0045BF27 /* Debug */ = {
			isa = XCBuildConfiguration;
			buildSettings = {
				ALWAYS_SEARCH_USER_PATHS = NO;
				CLANG_ANALYZER_NONNULL = YES;
				CLANG_ANALYZER_NUMBER_OBJECT_CONVERSION = YES_AGGRESSIVE;
				CLANG_CXX_LANGUAGE_STANDARD = "gnu++14";
				CLANG_CXX_LIBRARY = "libc++";
				CLANG_ENABLE_MODULES = YES;
				CLANG_ENABLE_OBJC_ARC = YES;
				CLANG_ENABLE_OBJC_WEAK = YES;
				CLANG_WARN_BLOCK_CAPTURE_AUTORELEASING = YES;
				CLANG_WARN_BOOL_CONVERSION = YES;
				CLANG_WARN_COMMA = YES;
				CLANG_WARN_CONSTANT_CONVERSION = YES;
				CLANG_WARN_DEPRECATED_OBJC_IMPLEMENTATIONS = YES;
				CLANG_WARN_DIRECT_OBJC_ISA_USAGE = YES_ERROR;
				CLANG_WARN_DOCUMENTATION_COMMENTS = YES;
				CLANG_WARN_EMPTY_BODY = YES;
				CLANG_WARN_ENUM_CONVERSION = YES;
				CLANG_WARN_INFINITE_RECURSION = YES;
				CLANG_WARN_INT_CONVERSION = YES;
				CLANG_WARN_NON_LITERAL_NULL_CONVERSION = YES;
				CLANG_WARN_OBJC_IMPLICIT_RETAIN_SELF = YES;
				CLANG_WARN_OBJC_LITERAL_CONVERSION = YES;
				CLANG_WARN_OBJC_ROOT_CLASS = YES_ERROR;
				CLANG_WARN_RANGE_LOOP_ANALYSIS = YES;
				CLANG_WARN_STRICT_PROTOTYPES = YES;
				CLANG_WARN_SUSPICIOUS_MOVE = YES;
				CLANG_WARN_UNGUARDED_AVAILABILITY = YES_AGGRESSIVE;
				CLANG_WARN_UNREACHABLE_CODE = YES;
				CLANG_WARN__DUPLICATE_METHOD_MATCH = YES;
				CODE_SIGN_IDENTITY = "iPhone Developer";
				COPY_PHASE_STRIP = NO;
				DEBUG_INFORMATION_FORMAT = dwarf;
				ENABLE_STRICT_OBJC_MSGSEND = YES;
				ENABLE_TESTABILITY = YES;
				GCC_C_LANGUAGE_STANDARD = gnu11;
				GCC_DYNAMIC_NO_PIC = NO;
				GCC_NO_COMMON_BLOCKS = YES;
				GCC_OPTIMIZATION_LEVEL = 0;
				GCC_PREPROCESSOR_DEFINITIONS = (
					"DEBUG=1",
					"$(inherited)",
				);
				GCC_WARN_64_TO_32_BIT_CONVERSION = YES;
				GCC_WARN_ABOUT_RETURN_TYPE = YES_ERROR;
				GCC_WARN_UNDECLARED_SELECTOR = YES;
				GCC_WARN_UNINITIALIZED_AUTOS = YES_AGGRESSIVE;
				GCC_WARN_UNUSED_FUNCTION = YES;
				GCC_WARN_UNUSED_VARIABLE = YES;
				IPHONEOS_DEPLOYMENT_TARGET = 12.2;
				MTL_ENABLE_DEBUG_INFO = INCLUDE_SOURCE;
				MTL_FAST_MATH = YES;
				ONLY_ACTIVE_ARCH = YES;
				SDKROOT = iphoneos;
				SWIFT_ACTIVE_COMPILATION_CONDITIONS = DEBUG;
				SWIFT_OPTIMIZATION_LEVEL = "-Onone";
			};
			name = Debug;
		};
		040E4AC32269054E0045BF27 /* Release */ = {
			isa = XCBuildConfiguration;
			buildSettings = {
				ALWAYS_SEARCH_USER_PATHS = NO;
				CLANG_ANALYZER_NONNULL = YES;
				CLANG_ANALYZER_NUMBER_OBJECT_CONVERSION = YES_AGGRESSIVE;
				CLANG_CXX_LANGUAGE_STANDARD = "gnu++14";
				CLANG_CXX_LIBRARY = "libc++";
				CLANG_ENABLE_MODULES = YES;
				CLANG_ENABLE_OBJC_ARC = YES;
				CLANG_ENABLE_OBJC_WEAK = YES;
				CLANG_WARN_BLOCK_CAPTURE_AUTORELEASING = YES;
				CLANG_WARN_BOOL_CONVERSION = YES;
				CLANG_WARN_COMMA = YES;
				CLANG_WARN_CONSTANT_CONVERSION = YES;
				CLANG_WARN_DEPRECATED_OBJC_IMPLEMENTATIONS = YES;
				CLANG_WARN_DIRECT_OBJC_ISA_USAGE = YES_ERROR;
				CLANG_WARN_DOCUMENTATION_COMMENTS = YES;
				CLANG_WARN_EMPTY_BODY = YES;
				CLANG_WARN_ENUM_CONVERSION = YES;
				CLANG_WARN_INFINITE_RECURSION = YES;
				CLANG_WARN_INT_CONVERSION = YES;
				CLANG_WARN_NON_LITERAL_NULL_CONVERSION = YES;
				CLANG_WARN_OBJC_IMPLICIT_RETAIN_SELF = YES;
				CLANG_WARN_OBJC_LITERAL_CONVERSION = YES;
				CLANG_WARN_OBJC_ROOT_CLASS = YES_ERROR;
				CLANG_WARN_RANGE_LOOP_ANALYSIS = YES;
				CLANG_WARN_STRICT_PROTOTYPES = YES;
				CLANG_WARN_SUSPICIOUS_MOVE = YES;
				CLANG_WARN_UNGUARDED_AVAILABILITY = YES_AGGRESSIVE;
				CLANG_WARN_UNREACHABLE_CODE = YES;
				CLANG_WARN__DUPLICATE_METHOD_MATCH = YES;
				CODE_SIGN_IDENTITY = "iPhone Developer";
				COPY_PHASE_STRIP = NO;
				DEBUG_INFORMATION_FORMAT = "dwarf-with-dsym";
				ENABLE_NS_ASSERTIONS = NO;
				ENABLE_STRICT_OBJC_MSGSEND = YES;
				GCC_C_LANGUAGE_STANDARD = gnu11;
				GCC_NO_COMMON_BLOCKS = YES;
				GCC_WARN_64_TO_32_BIT_CONVERSION = YES;
				GCC_WARN_ABOUT_RETURN_TYPE = YES_ERROR;
				GCC_WARN_UNDECLARED_SELECTOR = YES;
				GCC_WARN_UNINITIALIZED_AUTOS = YES_AGGRESSIVE;
				GCC_WARN_UNUSED_FUNCTION = YES;
				GCC_WARN_UNUSED_VARIABLE = YES;
				IPHONEOS_DEPLOYMENT_TARGET = 12.2;
				MTL_ENABLE_DEBUG_INFO = NO;
				MTL_FAST_MATH = YES;
				SDKROOT = iphoneos;
				SWIFT_COMPILATION_MODE = wholemodule;
				SWIFT_OPTIMIZATION_LEVEL = "-O";
				VALIDATE_PRODUCT = YES;
			};
			name = Release;
		};
		040E4AC52269054E0045BF27 /* Debug */ = {
			isa = XCBuildConfiguration;
			buildSettings = {
				ASSETCATALOG_COMPILER_APPICON_NAME = AppIcon;
				CODE_SIGN_STYLE = Automatic;
				DEVELOPMENT_TEAM = AL7363AJ9G;
				INFOPLIST_FILE = pokeAPI/Info.plist;
				LD_RUNPATH_SEARCH_PATHS = (
					"$(inherited)",
					"@executable_path/Frameworks",
				);
				PRODUCT_BUNDLE_IDENTIFIER = NicholasSharp.pokeAPI;
				PRODUCT_NAME = "$(TARGET_NAME)";
				SWIFT_VERSION = 5.0;
				TARGETED_DEVICE_FAMILY = "1,2";
			};
			name = Debug;
		};
		040E4AC62269054E0045BF27 /* Release */ = {
			isa = XCBuildConfiguration;
			buildSettings = {
				ASSETCATALOG_COMPILER_APPICON_NAME = AppIcon;
				CODE_SIGN_STYLE = Automatic;
				DEVELOPMENT_TEAM = AL7363AJ9G;
				INFOPLIST_FILE = pokeAPI/Info.plist;
				LD_RUNPATH_SEARCH_PATHS = (
					"$(inherited)",
					"@executable_path/Frameworks",
				);
				PRODUCT_BUNDLE_IDENTIFIER = NicholasSharp.pokeAPI;
				PRODUCT_NAME = "$(TARGET_NAME)";
				SWIFT_VERSION = 5.0;
				TARGETED_DEVICE_FAMILY = "1,2";
			};
			name = Release;
		};
/* End XCBuildConfiguration section */

/* Begin XCConfigurationList section */
		040E4AAA2269054B0045BF27 /* Build configuration list for PBXProject "pokeAPI" */ = {
			isa = XCConfigurationList;
			buildConfigurations = (
				040E4AC22269054E0045BF27 /* Debug */,
				040E4AC32269054E0045BF27 /* Release */,
			);
			defaultConfigurationIsVisible = 0;
			defaultConfigurationName = Release;
		};
		040E4AC42269054E0045BF27 /* Build configuration list for PBXNativeTarget "pokeAPI" */ = {
			isa = XCConfigurationList;
			buildConfigurations = (
				040E4AC52269054E0045BF27 /* Debug */,
				040E4AC62269054E0045BF27 /* Release */,
			);
			defaultConfigurationIsVisible = 0;
			defaultConfigurationName = Release;
		};
/* End XCConfigurationList section */

/* Begin XCVersionGroup section */
		040E4AB92269054B0045BF27 /* pokeAPI.xcdatamodeld */ = {
			isa = XCVersionGroup;
			children = (
				040E4ABA2269054B0045BF27 /* pokeAPI.xcdatamodel */,
			);
			currentVersion = 040E4ABA2269054B0045BF27 /* pokeAPI.xcdatamodel */;
			path = pokeAPI.xcdatamodeld;
			sourceTree = "<group>";
			versionGroupType = wrapper.xcdatamodel;
		};
/* End XCVersionGroup section */
	};
	rootObject = 040E4AA72269054B0045BF27 /* Project object */;
}
